
Microsoft Visual Studio Solution File, Format Version 12.00
# Visual Studio Version 17
VisualStudioVersion = 17.13.35828.75
MinimumVisualStudioVersion = 10.0.40219.1
Project("{FAE04EC0-301F-11D3-BF4B-00C04F79EFBC}") = "Lab4", "Lab4.csproj", "{909132A3-EB10-4E6D-AC83-01E86C620F2B}"
EndProject
Project("{FAE04EC0-301F-11D3-BF4B-00C04F79EFBC}") = "ProductsApp_Bai3", "ProductsApp\ProductsApp_Bai3.csproj", "{B918C593-1AA9-4F3D-BA98-DC0B51E4D2D8}"
EndProject
Global
	GlobalSection(SolutionConfigurationPlatforms) = preSolution
		Debug|Any CPU = Debug|Any CPU
		Release|Any CPU = Release|Any CPU
	EndGlobalSection
	GlobalSection(ProjectConfigurationPlatforms) = postSolution
		{909132A3-EB10-4E6D-AC83-01E86C620F2B}.Debug|Any CPU.ActiveCfg = Debug|Any CPU
		{909132A3-EB10-4E6D-AC83-01E86C620F2B}.Debug|Any CPU.Build.0 = Debug|Any CPU
		{909132A3-EB10-4E6D-AC83-01E86C620F2B}.Release|Any CPU.ActiveCfg = Release|Any CPU
		{909132A3-EB10-4E6D-AC83-01E86C620F2B}.Release|Any CPU.Build.0 = Release|Any CPU
		{B918C593-1AA9-4F3D-BA98-DC0B51E4D2D8}.Debug|Any CPU.ActiveCfg = Debug|Any CPU
		{B918C593-1AA9-4F3D-BA98-DC0B51E4D2D8}.Debug|Any CPU.Build.0 = Debug|Any CPU
		{B918C593-1AA9-4F3D-BA98-DC0B51E4D2D8}.Release|Any CPU.ActiveCfg = Release|Any CPU
		{B918C593-1AA9-4F3D-BA98-DC0B51E4D2D8}.Release|Any CPU.Build.0 = Release|Any CPU
	EndGlobalSection
	GlobalSection(SolutionProperties) = preSolution
		HideSolutionNode = FALSE
	EndGlobalSection
	GlobalSection(ExtensibilityGlobals) = postSolution
		SolutionGuid = {D5952F00-5C91-4352-B15C-89A0843529FD}
	EndGlobalSection
EndGlobal
